{
  "requires": true,
  "lockfileVersion": 1,
  "dependencies": {
    "@ionic/pwa-elements": {
      "version": "1.4.2",
      "resolved": "https://registry.npmjs.org/@ionic/pwa-elements/-/pwa-elements-1.4.2.tgz",
      "integrity": "sha512-Js38C/4FmnHkYm8a6RYF0ewXBQ+oFO2BferWZFDCxfvG0OcOfhQYZli8LsG2UD88ZoytO8p2Pv7J4kiAUqTICg=="
    },
    "@ionic/react-hooks": {
      "version": "0.0.6",
      "resolved": "https://registry.npmjs.org/@ionic/react-hooks/-/react-hooks-0.0.6.tgz",
      "integrity": "sha512-avPyzufhBZlg9KxpEEA+jNedcfJHY52PreFziRDlw27K/CR9Z9jRL/62nE/3+N2OT2b1PYQM+Hb7BRVTKpqruQ=="
    }
  }
}
